// !$*UTF8*$!
{
	archiveVersion = 1;
	classes = {
	};
	objectVersion = 56;
	objects = {

/* Begin PBXBuildFile section */
		91824B9F2E1C26AD009FF160 /* Exam_RossApp.swift in Sources */ = {isa = PBXBuildFile; fileRef = 91824B9E2E1C26AD009FF160 /* Exam_RossApp.swift */; };
		91824BA12E1C26AD009FF160 /* ContentView.swift in Sources */ = {isa = PBXBuildFile; fileRef = 91824BA02E1C26AD009FF160 /* ContentView.swift */; };
		91824BA32E1C26AF009FF160 /* Assets.xcassets in Resources */ = {isa = PBXBuildFile; fileRef = 91824BA22E1C26AF009FF160 /* Assets.xcassets */; };
		91824BA62E1C26AF009FF160 /* Preview Assets.xcassets in Resources */ = {isa = PBXBuildFile; fileRef = 91824BA52E1C26AF009FF160 /* Preview Assets.xcassets */; };
		91824BDC2E1C3E98009FF160 /* Alamofire in Frameworks */ = {isa = PBXBuildFile; productRef = 91824BDB2E1C3E98009FF160 /* Alamofire */; };
		91824BDF2E1C4330009FF160 /* BikeResponse.swift in Sources */ = {isa = PBXBuildFile; fileRef = 91824BDE2E1C4330009FF160 /* BikeResponse.swift */; };
		91824BE22E1C4524009FF160 /* BikeViewModel.swift in Sources */ = {isa = PBXBuildFile; fileRef = 91824BE12E1C4524009FF160 /* BikeViewModel.swift */; };
		91824BE42E1C4CCB009FF160 /* ListView.swift in Sources */ = {isa = PBXBuildFile; fileRef = 91824BE32E1C4CCB009FF160 /* ListView.swift */; };
		91824BE92E1C4EFE009FF160 /* DetailView.swift in Sources */ = {isa = PBXBuildFile; fileRef = 91824BE82E1C4EFE009FF160 /* DetailView.swift */; };
		91824BEC2E1C8215009FF160 /* FirebaseAuth in Frameworks */ = {isa = PBXBuildFile; productRef = 91824BEB2E1C8215009FF160 /* FirebaseAuth */; };
		91824BEE2E1C8215009FF160 /* FirebaseFirestore in Frameworks */ = {isa = PBXBuildFile; productRef = 91824BED2E1C8215009FF160 /* FirebaseFirestore */; };
		91824BF02E1C8215009FF160 /* FirebaseFirestoreSwift in Frameworks */ = {isa = PBXBuildFile; productRef = 91824BEF2E1C8215009FF160 /* FirebaseFirestoreSwift */; };
		91824BF22E1C834D009FF160 /* GoogleService-Info.plist in Resources */ = {isa = PBXBuildFile; fileRef = 91824BF12E1C834C009FF160 /* GoogleService-Info.plist */; };
		91824BF52E1C9659009FF160 /* FirestoreManager.swift in Sources */ = {isa = PBXBuildFile; fileRef = 91824BF42E1C9659009FF160 /* FirestoreManager.swift */; };
		91824BF72E1CAEF9009FF160 /* FavouritesView.swift in Sources */ = {isa = PBXBuildFile; fileRef = 91824BF62E1CAEF9009FF160 /* FavouritesView.swift */; };
/* End PBXBuildFile section */

/* Begin PBXFileReference section */
		91824B9B2E1C26AD009FF160 /* Exam_Ross.app */ = {isa = PBXFileReference; explicitFileType = wrapper.application; includeInIndex = 0; path = Exam_Ross.app; sourceTree = BUILT_PRODUCTS_DIR; };
		91824B9E2E1C26AD009FF160 /* Exam_RossApp.swift */ = {isa = PBXFileReference; lastKnownFileType = sourcecode.swift; path = Exam_RossApp.swift; sourceTree = "<group>"; };
		91824BA02E1C26AD009FF160 /* ContentView.swift */ = {isa = PBXFileReference; lastKnownFileType = sourcecode.swift; path = ContentView.swift; sourceTree = "<group>"; };
		91824BA22E1C26AF009FF160 /* Assets.xcassets */ = {isa = PBXFileReference; lastKnownFileType = folder.assetcatalog; path = Assets.xcassets; sourceTree = "<group>"; };
		91824BA52E1C26AF009FF160 /* Preview Assets.xcassets */ = {isa = PBXFileReference; lastKnownFileType = folder.assetcatalog; path = "Preview Assets.xcassets"; sourceTree = "<group>"; };
		91824BDE2E1C4330009FF160 /* BikeResponse.swift */ = {isa = PBXFileReference; lastKnownFileType = sourcecode.swift; path = BikeResponse.swift; sourceTree = "<group>"; };
		91824BE12E1C4524009FF160 /* BikeViewModel.swift */ = {isa = PBXFileReference; lastKnownFileType = sourcecode.swift; path = BikeViewModel.swift; sourceTree = "<group>"; };
		91824BE32E1C4CCB009FF160 /* ListView.swift */ = {isa = PBXFileReference; lastKnownFileType = sourcecode.swift; path = ListView.swift; sourceTree = "<group>"; };
		91824BE82E1C4EFE009FF160 /* DetailView.swift */ = {isa = PBXFileReference; lastKnownFileType = sourcecode.swift; path = DetailView.swift; sourceTree = "<group>"; };
		91824BF12E1C834C009FF160 /* GoogleService-Info.plist */ = {isa = PBXFileReference; fileEncoding = 4; lastKnownFileType = text.plist.xml; path = "GoogleService-Info.plist"; sourceTree = "<group>"; };
		91824BF42E1C9659009FF160 /* FirestoreManager.swift */ = {isa = PBXFileReference; lastKnownFileType = sourcecode.swift; path = FirestoreManager.swift; sourceTree = "<group>"; };
		91824BF62E1CAEF9009FF160 /* FavouritesView.swift */ = {isa = PBXFileReference; lastKnownFileType = sourcecode.swift; path = FavouritesView.swift; sourceTree = "<group>"; };
/* End PBXFileReference section */

/* Begin PBXFrameworksBuildPhase section */
		91824B982E1C26AD009FF160 /* Frameworks */ = {
			isa = PBXFrameworksBuildPhase;
			buildActionMask = 2147483647;
			files = (
				91824BDC2E1C3E98009FF160 /* Alamofire in Frameworks */,
				91824BEC2E1C8215009FF160 /* FirebaseAuth in Frameworks */,
				91824BEE2E1C8215009FF160 /* FirebaseFirestore in Frameworks */,
				91824BF02E1C8215009FF160 /* FirebaseFirestoreSwift in Frameworks */,
			);
			runOnlyForDeploymentPostprocessing = 0;
		};
/* End PBXFrameworksBuildPhase section */

/* Begin PBXGroup section */
		91824B922E1C26AD009FF160 = {
			isa = PBXGroup;
			children = (
				91824B9D2E1C26AD009FF160 /* Exam_Ross */,
				91824B9C2E1C26AD009FF160 /* Products */,
			);
			sourceTree = "<group>";
		};
		91824B9C2E1C26AD009FF160 /* Products */ = {
			isa = PBXGroup;
			children = (
				91824B9B2E1C26AD009FF160 /* Exam_Ross.app */,
			);
			name = Products;
			sourceTree = "<group>";
		};
		91824B9D2E1C26AD009FF160 /* Exam_Ross */ = {
			isa = PBXGroup;
			children = (
				91824BF32E1C960F009FF160 /* Controllers */,
				91824BE52E1C4CE1009FF160 /* Views */,
				91824BE02E1C4504009FF160 /* ViewModels */,
				91824BDD2E1C430C009FF160 /* Models */,
				91824B9E2E1C26AD009FF160 /* Exam_RossApp.swift */,
				91824BF12E1C834C009FF160 /* GoogleService-Info.plist */,
				91824BA22E1C26AF009FF160 /* Assets.xcassets */,
				91824BA42E1C26AF009FF160 /* Preview Content */,
			);
			path = Exam_Ross;
			sourceTree = "<group>";
		};
		91824BA42E1C26AF009FF160 /* Preview Content */ = {
			isa = PBXGroup;
			children = (
				91824BA52E1C26AF009FF160 /* Preview Assets.xcassets */,
			);
			path = "Preview Content";
			sourceTree = "<group>";
		};
		91824BDD2E1C430C009FF160 /* Models */ = {
			isa = PBXGroup;
			children = (
				91824BDE2E1C4330009FF160 /* BikeResponse.swift */,
			);
			path = Models;
			sourceTree = "<group>";
		};
		91824BE02E1C4504009FF160 /* ViewModels */ = {
			isa = PBXGroup;
			children = (
				91824BE12E1C4524009FF160 /* BikeViewModel.swift */,
			);
			path = ViewModels;
			sourceTree = "<group>";
		};
		91824BE52E1C4CE1009FF160 /* Views */ = {
			isa = PBXGroup;
			children = (
				91824BE32E1C4CCB009FF160 /* ListView.swift */,
				91824BA02E1C26AD009FF160 /* ContentView.swift */,
				91824BE82E1C4EFE009FF160 /* DetailView.swift */,
				91824BF62E1CAEF9009FF160 /* FavouritesView.swift */,
			);
			path = Views;
			sourceTree = "<group>";
		};
		91824BF32E1C960F009FF160 /* Controllers */ = {
			isa = PBXGroup;
			children = (
				91824BF42E1C9659009FF160 /* FirestoreManager.swift */,
			);
			path = Controllers;
			sourceTree = "<group>";
		};
/* End PBXGroup section */

/* Begin PBXNativeTarget section */
		91824B9A2E1C26AD009FF160 /* Exam_Ross */ = {
			isa = PBXNativeTarget;
			buildConfigurationList = 91824BA92E1C26AF009FF160 /* Build configuration list for PBXNativeTarget "Exam_Ross" */;
			buildPhases = (
				91824B972E1C26AD009FF160 /* Sources */,
				91824B982E1C26AD009FF160 /* Frameworks */,
				91824B992E1C26AD009FF160 /* Resources */,
			);
			buildRules = (
			);
			dependencies = (
			);
			name = Exam_Ross;
			packageProductDependencies = (
				91824BDB2E1C3E98009FF160 /* Alamofire */,
				91824BEB2E1C8215009FF160 /* FirebaseAuth */,
				91824BED2E1C8215009FF160 /* FirebaseFirestore */,
				91824BEF2E1C8215009FF160 /* FirebaseFirestoreSwift */,
			);
			productName = Exam_Ross;
			productReference = 91824B9B2E1C26AD009FF160 /* Exam_Ross.app */;
			productType = "com.apple.product-type.application";
		};
/* End PBXNativeTarget section */

/* Begin PBXProject section */
		91824B932E1C26AD009FF160 /* Project object */ = {
			isa = PBXProject;
			attributes = {
				BuildIndependentTargetsInParallel = 1;
				LastSwiftUpdateCheck = 1420;
				LastUpgradeCheck = 1420;
				TargetAttributes = {
					91824B9A2E1C26AD009FF160 = {
						CreatedOnToolsVersion = 14.2;
					};
				};
			};
			buildConfigurationList = 91824B962E1C26AD009FF160 /* Build configuration list for PBXProject "Exam_Ross" */;
			compatibilityVersion = "Xcode 14.0";
			developmentRegion = en;
			hasScannedForEncodings = 0;
			knownRegions = (
				en,
				Base,
			);
			mainGroup = 91824B922E1C26AD009FF160;
			packageReferences = (
				91824BDA2E1C3E98009FF160 /* XCRemoteSwiftPackageReference "Alamofire" */,
				91824BEA2E1C8215009FF160 /* XCRemoteSwiftPackageReference "firebase-ios-sdk" */,
			);
			productRefGroup = 91824B9C2E1C26AD009FF160 /* Products */;
			projectDirPath = "";
			projectRoot = "";
			targets = (
				91824B9A2E1C26AD009FF160 /* Exam_Ross */,
			);
		};
/* End PBXProject section */

/* Begin PBXResourcesBuildPhase section */
		91824B992E1C26AD009FF160 /* Resources */ = {
			isa = PBXResourcesBuildPhase;
			buildActionMask = 2147483647;
			files = (
				91824BA62E1C26AF009FF160 /* Preview Assets.xcassets in Resources */,
				91824BA32E1C26AF009FF160 /* Assets.xcassets in Resources */,
				91824BF22E1C834D009FF160 /* GoogleService-Info.plist in Resources */,
			);
			runOnlyForDeploymentPostprocessing = 0;
		};
/* End PBXResourcesBuildPhase section */

/* Begin PBXSourcesBuildPhase section */
		91824B972E1C26AD009FF160 /* Sources */ = {
			isa = PBXSourcesBuildPhase;
			buildActionMask = 2147483647;
			files = (
				91824BA12E1C26AD009FF160 /* ContentView.swift in Sources */,
				91824BF52E1C9659009FF160 /* FirestoreManager.swift in Sources */,
				91824BF72E1CAEF9009FF160 /* FavouritesView.swift in Sources */,
				91824BE92E1C4EFE009FF160 /* DetailView.swift in Sources */,
				91824BE22E1C4524009FF160 /* BikeViewModel.swift in Sources */,
				91824BE42E1C4CCB009FF160 /* ListView.swift in Sources */,
				91824BDF2E1C4330009FF160 /* BikeResponse.swift in Sources */,
				91824B9F2E1C26AD009FF160 /* Exam_RossApp.swift in Sources */,
			);
			runOnlyForDeploymentPostprocessing = 0;
		};
/* End PBXSourcesBuildPhase section */

/* Begin XCBuildConfiguration section */
		91824BA72E1C26AF009FF160 /* Debug */ = {
			isa = XCBuildConfiguration;
			buildSettings = {
				ALWAYS_SEARCH_USER_PATHS = NO;
				CLANG_ANALYZER_NONNULL = YES;
				CLANG_ANALYZER_NUMBER_OBJECT_CONVERSION = YES_AGGRESSIVE;
				CLANG_CXX_LANGUAGE_STANDARD = "gnu++20";
				CLANG_ENABLE_MODULES = YES;
				CLANG_ENABLE_OBJC_ARC = YES;
				CLANG_ENABLE_OBJC_WEAK = YES;
				CLANG_WARN_BLOCK_CAPTURE_AUTORELEASING = YES;
				CLANG_WARN_BOOL_CONVERSION = YES;
				CLANG_WARN_COMMA = YES;
				CLANG_WARN_CONSTANT_CONVERSION = YES;
				CLANG_WARN_DEPRECATED_OBJC_IMPLEMENTATIONS = YES;
				CLANG_WARN_DIRECT_OBJC_ISA_USAGE = YES_ERROR;
				CLANG_WARN_DOCUMENTATION_COMMENTS = YES;
				CLANG_WARN_EMPTY_BODY = YES;
				CLANG_WARN_ENUM_CONVERSION = YES;
				CLANG_WARN_INFINITE_RECURSION = YES;
				CLANG_WARN_INT_CONVERSION = YES;
				CLANG_WARN_NON_LITERAL_NULL_CONVERSION = YES;
				CLANG_WARN_OBJC_IMPLICIT_RETAIN_SELF = YES;
				CLANG_WARN_OBJC_LITERAL_CONVERSION = YES;
				CLANG_WARN_OBJC_ROOT_CLASS = YES_ERROR;
				CLANG_WARN_QUOTED_INCLUDE_IN_FRAMEWORK_HEADER = YES;
				CLANG_WARN_RANGE_LOOP_ANALYSIS = YES;
				CLANG_WARN_STRICT_PROTOTYPES = YES;
				CLANG_WARN_SUSPICIOUS_MOVE = YES;
				CLANG_WARN_UNGUARDED_AVAILABILITY = YES_AGGRESSIVE;
				CLANG_WARN_UNREACHABLE_CODE = YES;
				CLANG_WARN__DUPLICATE_METHOD_MATCH = YES;
				COPY_PHASE_STRIP = NO;
				DEBUG_INFORMATION_FORMAT = dwarf;
				ENABLE_STRICT_OBJC_MSGSEND = YES;
				ENABLE_TESTABILITY = YES;
				GCC_C_LANGUAGE_STANDARD = gnu11;
				GCC_DYNAMIC_NO_PIC = NO;
				GCC_NO_COMMON_BLOCKS = YES;
				GCC_OPTIMIZATION_LEVEL = 0;
				GCC_PREPROCESSOR_DEFINITIONS = (
					"DEBUG=1",
					"$(inherited)",
				);
				GCC_WARN_64_TO_32_BIT_CONVERSION = YES;
				GCC_WARN_ABOUT_RETURN_TYPE = YES_ERROR;
				GCC_WARN_UNDECLARED_SELECTOR = YES;
				GCC_WARN_UNINITIALIZED_AUTOS = YES_AGGRESSIVE;
				GCC_WARN_UNUSED_FUNCTION = YES;
				GCC_WARN_UNUSED_VARIABLE = YES;
				IPHONEOS_DEPLOYMENT_TARGET = 16.2;
				MTL_ENABLE_DEBUG_INFO = INCLUDE_SOURCE;
				MTL_FAST_MATH = YES;
				ONLY_ACTIVE_ARCH = YES;
				SDKROOT = iphoneos;
				SWIFT_ACTIVE_COMPILATION_CONDITIONS = DEBUG;
				SWIFT_OPTIMIZATION_LEVEL = "-Onone";
			};
			name = Debug;
		};
		91824BA82E1C26AF009FF160 /* Release */ = {
			isa = XCBuildConfiguration;
			buildSettings = {
				ALWAYS_SEARCH_USER_PATHS = NO;
				CLANG_ANALYZER_NONNULL = YES;
				CLANG_ANALYZER_NUMBER_OBJECT_CONVERSION = YES_AGGRESSIVE;
				CLANG_CXX_LANGUAGE_STANDARD = "gnu++20";
				CLANG_ENABLE_MODULES = YES;
				CLANG_ENABLE_OBJC_ARC = YES;
				CLANG_ENABLE_OBJC_WEAK = YES;
				CLANG_WARN_BLOCK_CAPTURE_AUTORELEASING = YES;
				CLANG_WARN_BOOL_CONVERSION = YES;
				CLANG_WARN_COMMA = YES;
				CLANG_WARN_CONSTANT_CONVERSION = YES;
				CLANG_WARN_DEPRECATED_OBJC_IMPLEMENTATIONS = YES;
				CLANG_WARN_DIRECT_OBJC_ISA_USAGE = YES_ERROR;
				CLANG_WARN_DOCUMENTATION_COMMENTS = YES;
				CLANG_WARN_EMPTY_BODY = YES;
				CLANG_WARN_ENUM_CONVERSION = YES;
				CLANG_WARN_INFINITE_RECURSION = YES;
				CLANG_WARN_INT_CONVERSION = YES;
				CLANG_WARN_NON_LITERAL_NULL_CONVERSION = YES;
				CLANG_WARN_OBJC_IMPLICIT_RETAIN_SELF = YES;
				CLANG_WARN_OBJC_LITERAL_CONVERSION = YES;
				CLANG_WARN_OBJC_ROOT_CLASS = YES_ERROR;
				CLANG_WARN_QUOTED_INCLUDE_IN_FRAMEWORK_HEADER = YES;
				CLANG_WARN_RANGE_LOOP_ANALYSIS = YES;
				CLANG_WARN_STRICT_PROTOTYPES = YES;
				CLANG_WARN_SUSPICIOUS_MOVE = YES;
				CLANG_WARN_UNGUARDED_AVAILABILITY = YES_AGGRESSIVE;
				CLANG_WARN_UNREACHABLE_CODE = YES;
				CLANG_WARN__DUPLICATE_METHOD_MATCH = YES;
				COPY_PHASE_STRIP = NO;
				DEBUG_INFORMATION_FORMAT = "dwarf-with-dsym";
				ENABLE_NS_ASSERTIONS = NO;
				ENABLE_STRICT_OBJC_MSGSEND = YES;
				GCC_C_LANGUAGE_STANDARD = gnu11;
				GCC_NO_COMMON_BLOCKS = YES;
				GCC_WARN_64_TO_32_BIT_CONVERSION = YES;
				GCC_WARN_ABOUT_RETURN_TYPE = YES_ERROR;
				GCC_WARN_UNDECLARED_SELECTOR = YES;
				GCC_WARN_UNINITIALIZED_AUTOS = YES_AGGRESSIVE;
				GCC_WARN_UNUSED_FUNCTION = YES;
				GCC_WARN_UNUSED_VARIABLE = YES;
				IPHONEOS_DEPLOYMENT_TARGET = 16.2;
				MTL_ENABLE_DEBUG_INFO = NO;
				MTL_FAST_MATH = YES;
				SDKROOT = iphoneos;
				SWIFT_COMPILATION_MODE = wholemodule;
				SWIFT_OPTIMIZATION_LEVEL = "-O";
				VALIDATE_PRODUCT = YES;
			};
			name = Release;
		};
		91824BAA2E1C26AF009FF160 /* Debug */ = {
			isa = XCBuildConfiguration;
			buildSettings = {
				ASSETCATALOG_COMPILER_APPICON_NAME = AppIcon;
				ASSETCATALOG_COMPILER_GLOBAL_ACCENT_COLOR_NAME = AccentColor;
				CODE_SIGN_STYLE = Automatic;
				CURRENT_PROJECT_VERSION = 1;
				DEVELOPMENT_ASSET_PATHS = "\"Exam_Ross/Preview Content\"";
				DEVELOPMENT_TEAM = QK4FPTL3Q9;
				ENABLE_PREVIEWS = YES;
				GENERATE_INFOPLIST_FILE = YES;
				INFOPLIST_KEY_UIApplicationSceneManifest_Generation = YES;
				INFOPLIST_KEY_UIApplicationSupportsIndirectInputEvents = YES;
				INFOPLIST_KEY_UILaunchScreen_Generation = YES;
				INFOPLIST_KEY_UISupportedInterfaceOrientations_iPad = "UIInterfaceOrientationPortrait UIInterfaceOrientationPortraitUpsideDown UIInterfaceOrientationLandscapeLeft UIInterfaceOrientationLandscapeRight";
				INFOPLIST_KEY_UISupportedInterfaceOrientations_iPhone = "UIInterfaceOrientationPortrait UIInterfaceOrientationLandscapeLeft UIInterfaceOrientationLandscapeRight";
				LD_RUNPATH_SEARCH_PATHS = (
					"$(inherited)",
					"@executable_path/Frameworks",
				);
				MARKETING_VERSION = 1.0;
				PRODUCT_BUNDLE_IDENTIFIER = "com.ross.Exam-Ross";
				PRODUCT_NAME = "$(TARGET_NAME)";
				SWIFT_EMIT_LOC_STRINGS = YES;
				SWIFT_VERSION = 5.0;
				TARGETED_DEVICE_FAMILY = "1,2";
			};
			name = Debug;
		};
		91824BAB2E1C26AF009FF160 /* Release */ = {
			isa = XCBuildConfiguration;
			buildSettings = {
				ASSETCATALOG_COMPILER_APPICON_NAME = AppIcon;
				ASSETCATALOG_COMPILER_GLOBAL_ACCENT_COLOR_NAME = AccentColor;
				CODE_SIGN_STYLE = Automatic;
				CURRENT_PROJECT_VERSION = 1;
				DEVELOPMENT_ASSET_PATHS = "\"Exam_Ross/Preview Content\"";
				DEVELOPMENT_TEAM = QK4FPTL3Q9;
				ENABLE_PREVIEWS = YES;
				GENERATE_INFOPLIST_FILE = YES;
				INFOPLIST_KEY_UIApplicationSceneManifest_Generation = YES;
				INFOPLIST_KEY_UIApplicationSupportsIndirectInputEvents = YES;
				INFOPLIST_KEY_UILaunchScreen_Generation = YES;
				INFOPLIST_KEY_UISupportedInterfaceOrientations_iPad = "UIInterfaceOrientationPortrait UIInterfaceOrientationPortraitUpsideDown UIInterfaceOrientationLandscapeLeft UIInterfaceOrientationLandscapeRight";
				INFOPLIST_KEY_UISupportedInterfaceOrientations_iPhone = "UIInterfaceOrientationPortrait UIInterfaceOrientationLandscapeLeft UIInterfaceOrientationLandscapeRight";
				LD_RUNPATH_SEARCH_PATHS = (
					"$(inherited)",
					"@executable_path/Frameworks",
				);
				MARKETING_VERSION = 1.0;
				PRODUCT_BUNDLE_IDENTIFIER = "com.ross.Exam-Ross";
				PRODUCT_NAME = "$(TARGET_NAME)";
				SWIFT_EMIT_LOC_STRINGS = YES;
				SWIFT_VERSION = 5.0;
				TARGETED_DEVICE_FAMILY = "1,2";
			};
			name = Release;
		};
/* End XCBuildConfiguration section */

/* Begin XCConfigurationList section */
		91824B962E1C26AD009FF160 /* Build configuration list for PBXProject "Exam_Ross" */ = {
			isa = XCConfigurationList;
			buildConfigurations = (
				91824BA72E1C26AF009FF160 /* Debug */,
				91824BA82E1C26AF009FF160 /* Release */,
			);
			defaultConfigurationIsVisible = 0;
			defaultConfigurationName = Release;
		};
		91824BA92E1C26AF009FF160 /* Build configuration list for PBXNativeTarget "Exam_Ross" */ = {
			isa = XCConfigurationList;
			buildConfigurations = (
				91824BAA2E1C26AF009FF160 /* Debug */,
				91824BAB2E1C26AF009FF160 /* Release */,
			);
			defaultConfigurationIsVisible = 0;
			defaultConfigurationName = Release;
		};
/* End XCConfigurationList section */

/* Begin XCRemoteSwiftPackageReference section */
		91824BDA2E1C3E98009FF160 /* XCRemoteSwiftPackageReference "Alamofire" */ = {
			isa = XCRemoteSwiftPackageReference;
			repositoryURL = "https://github.com/Alamofire/Alamofire.git";
			requirement = {
				kind = upToNextMinorVersion;
				minimumVersion = 5.7.1;
			};
		};
		91824BEA2E1C8215009FF160 /* XCRemoteSwiftPackageReference "firebase-ios-sdk" */ = {
			isa = XCRemoteSwiftPackageReference;
			repositoryURL = "https://github.com/firebase/firebase-ios-sdk";
			requirement = {
				kind = upToNextMajorVersion;
				minimumVersion = 10.15.0;
			};
		};
/* End XCRemoteSwiftPackageReference section */

/* Begin XCSwiftPackageProductDependency section */
		91824BDB2E1C3E98009FF160 /* Alamofire */ = {
			isa = XCSwiftPackageProductDependency;
			package = 91824BDA2E1C3E98009FF160 /* XCRemoteSwiftPackageReference "Alamofire" */;
			productName = Alamofire;
		};
		91824BEB2E1C8215009FF160 /* FirebaseAuth */ = {
			isa = XCSwiftPackageProductDependency;
			package = 91824BEA2E1C8215009FF160 /* XCRemoteSwiftPackageReference "firebase-ios-sdk" */;
			productName = FirebaseAuth;
		};
		91824BED2E1C8215009FF160 /* FirebaseFirestore */ = {
			isa = XCSwiftPackageProductDependency;
			package = 91824BEA2E1C8215009FF160 /* XCRemoteSwiftPackageReference "firebase-ios-sdk" */;
			productName = FirebaseFirestore;
		};
		91824BEF2E1C8215009FF160 /* FirebaseFirestoreSwift */ = {
			isa = XCSwiftPackageProductDependency;
			package = 91824BEA2E1C8215009FF160 /* XCRemoteSwiftPackageReference "firebase-ios-sdk" */;
			productName = FirebaseFirestoreSwift;
		};
/* End XCSwiftPackageProductDependency section */
	};
	rootObject = 91824B932E1C26AD009FF160 /* Project object */;
}
